{
  "version": 4,
  "terraform_version": "0.12.26",
  "serial": 574,
  "lineage": "87627f9f-78ef-2ab5-5e6c-559984bf249d",
  "outputs": {},
  "resources": [
    {
      "mode": "data",
      "type": "aws_caller_identity",
      "name": "current",
      "provider": "provider.aws",
      "instances": [
        {
          "schema_version": 0,
          "attributes": {
            "account_id": "203465012143",
            "arn": "arn:aws:iam::203465012143:root",
            "id": "2020-07-04 23:56:22.784394 +0000 UTC",
            "user_id": "203465012143"
          }
        }
      ]
    },
    {
      "mode": "data",
      "type": "aws_iam_policy_document",
      "name": "example",
      "provider": "provider.aws",
      "instances": [
        {
          "schema_version": 0,
          "attributes": {
            "id": "2582739958",
            "json": "{\n  \"Version\": \"2012-10-17\",\n  \"Statement\": [\n    {\n      \"Sid\": \"\",\n      \"Effect\": \"Allow\",\n      \"Action\": \"s3:ListBucket\",\n      \"Resource\": \"arn:aws:s3:::lifegames-media-downloader-files/*\"\n    }\n  ]\n}",
            "override_json": null,
            "policy_id": null,
            "source_json": null,
            "statement": [
              {
                "actions": [
                  "s3:ListBucket"
                ],
                "condition": [],
                "effect": "Allow",
                "not_actions": [],
                "not_principals": [],
                "not_resources": [],
                "principals": [],
                "resources": [
                  "arn:aws:s3:::lifegames-media-downloader-files/*"
                ],
                "sid": ""
              }
            ],
            "version": "2012-10-17"
          }
        }
      ]
    },
    {
      "mode": "data",
      "type": "aws_iam_policy_document",
      "name": "gateway-assume-role-policy",
      "provider": "provider.aws",
      "instances": [
        {
          "schema_version": 0,
          "attributes": {
            "id": "3127519745",
            "json": "{\n  \"Version\": \"2012-10-17\",\n  \"Statement\": [\n    {\n      \"Sid\": \"\",\n      \"Effect\": \"Allow\",\n      \"Action\": \"sts:AssumeRole\",\n      \"Principal\": {\n        \"Service\": [\n          \"lambda.amazonaws.com\",\n          \"apigateway.amazonaws.com\"\n        ]\n      }\n    }\n  ]\n}",
            "override_json": null,
            "policy_id": null,
            "source_json": null,
            "statement": [
              {
                "actions": [
                  "sts:AssumeRole"
                ],
                "condition": [],
                "effect": "Allow",
                "not_actions": [],
                "not_principals": [],
                "not_resources": [],
                "principals": [
                  {
                    "identifiers": [
                      "apigateway.amazonaws.com",
                      "lambda.amazonaws.com"
                    ],
                    "type": "Service"
                  }
                ],
                "resources": [],
                "sid": ""
              }
            ],
            "version": "2012-10-17"
          }
        }
      ]
    },
    {
      "mode": "data",
      "type": "aws_iam_policy_document",
      "name": "lambda-assume-role-policy",
      "provider": "provider.aws",
      "instances": [
        {
          "schema_version": 0,
          "attributes": {
            "id": "3127519745",
            "json": "{\n  \"Version\": \"2012-10-17\",\n  \"Statement\": [\n    {\n      \"Sid\": \"\",\n      \"Effect\": \"Allow\",\n      \"Action\": \"sts:AssumeRole\",\n      \"Principal\": {\n        \"Service\": [\n          \"lambda.amazonaws.com\",\n          \"apigateway.amazonaws.com\"\n        ]\n      }\n    }\n  ]\n}",
            "override_json": null,
            "policy_id": null,
            "source_json": null,
            "statement": [
              {
                "actions": [
                  "sts:AssumeRole"
                ],
                "condition": [],
                "effect": "Allow",
                "not_actions": [],
                "not_principals": [],
                "not_resources": [],
                "principals": [
                  {
                    "identifiers": [
                      "apigateway.amazonaws.com",
                      "lambda.amazonaws.com"
                    ],
                    "type": "Service"
                  }
                ],
                "resources": [],
                "sid": ""
              }
            ],
            "version": "2012-10-17"
          }
        }
      ]
    },
    {
      "mode": "data",
      "type": "aws_region",
      "name": "current",
      "provider": "provider.aws",
      "instances": [
        {
          "schema_version": 0,
          "attributes": {
            "current": null,
            "description": "US West (Oregon)",
            "endpoint": "ec2.us-west-2.amazonaws.com",
            "id": "us-west-2",
            "name": "us-west-2"
          }
        }
      ]
    },
    {
      "mode": "managed",
      "type": "aws_api_gateway_account",
      "name": "demo",
      "provider": "provider.aws",
      "instances": [
        {
          "schema_version": 0,
          "attributes": {
            "cloudwatch_role_arn": "arn:aws:iam::203465012143:role/GatewayLogRole",
            "id": "api-gateway-account",
            "throttle_settings": [
              {
                "burst_limit": 5000,
                "rate_limit": 10000
              }
            ]
          },
          "private": "bnVsbA==",
          "dependencies": [
            "aws_iam_role.GatewayLogRole"
          ]
        }
      ]
    },
    {
      "mode": "managed",
      "type": "aws_api_gateway_api_key",
      "name": "iOSApiKey",
      "provider": "provider.aws",
      "instances": [
        {
          "schema_version": 0,
          "attributes": {
            "arn": "arn:aws:apigateway:us-west-2::/apikeys/rxg9j5sf97",
            "created_date": "2020-07-04T23:55:27Z",
            "description": "The key for the iOS App",
            "enabled": true,
            "id": "rxg9j5sf97",
            "last_updated_date": "2020-07-04T23:55:27Z",
            "name": "iOSAppKey",
            "stage_key": [],
            "tags": {},
            "value": "dDlt0tNsIC9p6mKjBbyTV99AwVFYb8uD5GVNu2wC"
          },
          "private": "bnVsbA=="
        }
      ]
    },
    {
      "mode": "managed",
      "type": "aws_api_gateway_authorizer",
      "name": "MyAuthorizer",
      "provider": "provider.aws",
      "instances": []
    },
    {
      "mode": "managed",
      "type": "aws_api_gateway_deployment",
      "name": "MyDeployment",
      "provider": "provider.aws",
      "instances": []
    },
    {
      "mode": "managed",
      "type": "aws_api_gateway_gateway_response",
      "name": "Default400GatewayResponse",
      "provider": "provider.aws",
      "instances": [
        {
          "schema_version": 0,
          "attributes": {
            "id": "aggr-w3bvdku0g1-DEFAULT_4XX",
            "response_parameters": {},
            "response_templates": {
              "application/json": "{\"error\":{\"code\":\"custom-4XX-generic\",\"message\":$context.error.messageString},\"requestId\":\"$context.requestId\"}"
            },
            "response_type": "DEFAULT_4XX",
            "rest_api_id": "w3bvdku0g1",
            "status_code": ""
          },
          "private": "bnVsbA==",
          "dependencies": [
            "aws_api_gateway_rest_api.MyApi"
          ]
        }
      ]
    },
    {
      "mode": "managed",
      "type": "aws_api_gateway_gateway_response",
      "name": "Default500GatewayResponse",
      "provider": "provider.aws",
      "instances": [
        {
          "schema_version": 0,
          "attributes": {
            "id": "aggr-w3bvdku0g1-DEFAULT_5XX",
            "response_parameters": {},
            "response_templates": {
              "application/json": "{\"error\":{\"code\":\"custom-5XX-generic\",\"message\":$context.error.messageString},\"requestId\":\"$context.requestId\"}"
            },
            "response_type": "DEFAULT_5XX",
            "rest_api_id": "w3bvdku0g1",
            "status_code": ""
          },
          "private": "bnVsbA==",
          "dependencies": [
            "aws_api_gateway_rest_api.MyApi"
          ]
        }
      ]
    },
    {
      "mode": "managed",
      "type": "aws_api_gateway_integration",
      "name": "ListFilesMethodGetIntegration",
      "provider": "provider.aws",
      "instances": []
    },
    {
      "mode": "managed",
      "type": "aws_api_gateway_integration",
      "name": "MyGatewayIntegration",
      "provider": "provider.aws",
      "instances": [
        {
          "schema_version": 0,
          "attributes": {
            "cache_key_parameters": [],
            "cache_namespace": "mpi658",
            "connection_id": "",
            "connection_type": "INTERNET",
            "content_handling": "",
            "credentials": "",
            "http_method": "GET",
            "id": "agi-w3bvdku0g1-mpi658-GET",
            "integration_http_method": "",
            "passthrough_behavior": "WHEN_NO_MATCH",
            "request_parameters": {},
            "request_parameters_in_json": null,
            "request_templates": {},
            "resource_id": "mpi658",
            "rest_api_id": "w3bvdku0g1",
            "timeout_milliseconds": 29000,
            "type": "MOCK",
            "uri": ""
          },
          "private": "bnVsbA==",
          "dependencies": [
            "aws_api_gateway_method.MockMethod",
            "aws_api_gateway_resource.MockResource",
            "aws_api_gateway_rest_api.MyApi"
          ]
        }
      ]
    },
    {
      "mode": "managed",
      "type": "aws_api_gateway_method",
      "name": "ListFilesMethodGet",
      "provider": "provider.aws",
      "instances": []
    },
    {
      "mode": "managed",
      "type": "aws_api_gateway_method",
      "name": "MockMethod",
      "provider": "provider.aws",
      "instances": [
        {
          "schema_version": 0,
          "attributes": {
            "api_key_required": false,
            "authorization": "NONE",
            "authorization_scopes": [],
            "authorizer_id": "",
            "http_method": "GET",
            "id": "agm-w3bvdku0g1-mpi658-GET",
            "request_models": {},
            "request_parameters": {},
            "request_parameters_in_json": null,
            "request_validator_id": "",
            "resource_id": "mpi658",
            "rest_api_id": "w3bvdku0g1"
          },
          "private": "bnVsbA==",
          "dependencies": [
            "aws_api_gateway_resource.MockResource",
            "aws_api_gateway_rest_api.MyApi"
          ]
        }
      ]
    },
    {
      "mode": "managed",
      "type": "aws_api_gateway_method_settings",
      "name": "s",
      "provider": "provider.aws",
      "instances": []
    },
    {
      "mode": "managed",
      "type": "aws_api_gateway_resource",
      "name": "Files",
      "provider": "provider.aws",
      "instances": [
        {
          "schema_version": 0,
          "attributes": {
            "id": "6mcdcq",
            "parent_id": "ls4rhq7n08",
            "path": "/files",
            "path_part": "files",
            "rest_api_id": "w3bvdku0g1"
          },
          "private": "bnVsbA==",
          "dependencies": [
            "aws_api_gateway_rest_api.MyApi"
          ]
        }
      ]
    },
    {
      "mode": "managed",
      "type": "aws_api_gateway_resource",
      "name": "MockResource",
      "provider": "provider.aws",
      "instances": [
        {
          "schema_version": 0,
          "attributes": {
            "id": "mpi658",
            "parent_id": "ls4rhq7n08",
            "path": "/mock",
            "path_part": "mock",
            "rest_api_id": "w3bvdku0g1"
          },
          "private": "bnVsbA==",
          "dependencies": [
            "aws_api_gateway_rest_api.MyApi"
          ]
        }
      ]
    },
    {
      "mode": "managed",
      "type": "aws_api_gateway_rest_api",
      "name": "MyApi",
      "provider": "provider.aws",
      "instances": [
        {
          "schema_version": 0,
          "attributes": {
            "api_key_source": "AUTHORIZER",
            "arn": "arn:aws:apigateway:us-west-2::/restapis/w3bvdku0g1",
            "binary_media_types": [],
            "body": null,
            "created_date": "2020-07-04T23:55:27Z",
            "description": "This is my API for demonstration purposes",
            "endpoint_configuration": [
              {
                "types": [
                  "EDGE"
                ],
                "vpc_endpoint_ids": []
              }
            ],
            "execution_arn": "arn:aws:execute-api:us-west-2:203465012143:w3bvdku0g1",
            "id": "w3bvdku0g1",
            "minimum_compression_size": -1,
            "name": "OfflineMediaDownloader",
            "policy": "",
            "root_resource_id": "ls4rhq7n08",
            "tags": {}
          },
          "private": "bnVsbA=="
        }
      ]
    },
    {
      "mode": "managed",
      "type": "aws_api_gateway_stage",
      "name": "StageProduction",
      "provider": "provider.aws",
      "instances": []
    },
    {
      "mode": "managed",
      "type": "aws_api_gateway_usage_plan",
      "name": "MyUsagePlan",
      "provider": "provider.aws",
      "instances": []
    },
    {
      "mode": "managed",
      "type": "aws_api_gateway_usage_plan_key",
      "name": "main",
      "provider": "provider.aws",
      "instances": []
    },
    {
      "mode": "managed",
      "type": "aws_cloudwatch_log_group",
      "name": "AuthorizationFunction",
      "provider": "provider.aws",
      "instances": []
    },
    {
      "mode": "managed",
      "type": "aws_cloudwatch_log_group",
      "name": "ListFiles",
      "provider": "provider.aws",
      "instances": [
        {
          "schema_version": 0,
          "attributes": {
            "arn": "arn:aws:logs:us-west-2:203465012143:log-group:/aws/lambda/ListFiles:*",
            "id": "/aws/lambda/ListFiles",
            "kms_key_id": "",
            "name": "/aws/lambda/ListFiles",
            "name_prefix": null,
            "retention_in_days": 14,
            "tags": {}
          },
          "private": "bnVsbA==",
          "dependencies": [
            "aws_iam_policy.ListFilesRolePolicy",
            "aws_iam_role.ListFilesRole",
            "aws_iam_role_policy_attachment.blahblah",
            "aws_lambda_function.ListFiles",
            "aws_lambda_layer_version.lambda_layer",
            "aws_s3_bucket.file_bucket"
          ]
        }
      ]
    },
    {
      "mode": "managed",
      "type": "aws_iam_policy",
      "name": "AuthorizationFunctionRolePolicy",
      "provider": "provider.aws",
      "instances": [
        {
          "schema_version": 0,
          "attributes": {
            "arn": "arn:aws:iam::203465012143:policy/AuthorizationFunctionRolePolicy",
            "description": "",
            "id": "arn:aws:iam::203465012143:policy/AuthorizationFunctionRolePolicy",
            "name": "AuthorizationFunctionRolePolicy",
            "name_prefix": null,
            "path": "/",
            "policy": "{\n  \"Version\": \"2012-10-17\",\n  \"Statement\": [\n    {\n      \"Action\": [\n        \"apigateway:GET\"\n      ],\n      \"Effect\": \"Allow\",\n      \"Resource\": [\n        \"arn:aws:apigateway:us-west-2::/apikeys\",\n        \"arn:aws:apigateway:us-west-2::/apikeys/*\",\n        \"arn:aws:apigateway:us-west-2::/usageplans\",\n        \"arn:aws:apigateway:us-west-2::/usageplans/*/usage\"\n      ]\n    }\n  ]\n}\n"
          },
          "private": "bnVsbA=="
        }
      ]
    },
    {
      "mode": "managed",
      "type": "aws_iam_policy",
      "name": "ListFilesRolePolicy",
      "provider": "provider.aws",
      "instances": [
        {
          "schema_version": 0,
          "attributes": {
            "arn": "arn:aws:iam::203465012143:policy/ListFilesRolePolicy",
            "description": "",
            "id": "arn:aws:iam::203465012143:policy/ListFilesRolePolicy",
            "name": "ListFilesRolePolicy",
            "name_prefix": null,
            "path": "/",
            "policy": "{\n  \"Version\": \"2012-10-17\",\n  \"Statement\": [\n    {\n      \"Sid\": \"\",\n      \"Effect\": \"Allow\",\n      \"Action\": \"s3:ListBucket\",\n      \"Resource\": \"arn:aws:s3:::lifegames-media-downloader-files/*\"\n    }\n  ]\n}"
          },
          "private": "bnVsbA==",
          "dependencies": [
            "aws_s3_bucket.file_bucket"
          ]
        }
      ]
    },
    {
      "mode": "managed",
      "type": "aws_iam_policy",
      "name": "lambda_logging",
      "provider": "provider.aws",
      "instances": [
        {
          "schema_version": 0,
          "attributes": {
            "arn": "arn:aws:iam::203465012143:policy/lambda_logging",
            "description": "IAM policy for logging from a lambda",
            "id": "arn:aws:iam::203465012143:policy/lambda_logging",
            "name": "lambda_logging",
            "name_prefix": null,
            "path": "/",
            "policy": "{\n  \"Version\": \"2012-10-17\",\n  \"Statement\": [\n    {\n      \"Action\": [\n        \"logs:CreateLogGroup\",\n        \"logs:CreateLogStream\",\n        \"logs:PutLogEvents\"\n      ],\n      \"Resource\": \"arn:aws:logs:*:*:*\",\n      \"Effect\": \"Allow\"\n    }\n  ]\n}\n"
          },
          "private": "bnVsbA=="
        }
      ]
    },
    {
      "mode": "managed",
      "type": "aws_iam_role",
      "name": "GatewayLogRole",
      "provider": "provider.aws",
      "instances": [
        {
          "schema_version": 0,
          "attributes": {
            "arn": "arn:aws:iam::203465012143:role/GatewayLogRole",
            "assume_role_policy": "{\"Version\":\"2012-10-17\",\"Statement\":[{\"Sid\":\"\",\"Effect\":\"Allow\",\"Principal\":{\"Service\":[\"apigateway.amazonaws.com\",\"lambda.amazonaws.com\"]},\"Action\":\"sts:AssumeRole\"}]}",
            "create_date": "2020-07-04T23:55:27Z",
            "description": "",
            "force_detach_policies": false,
            "id": "GatewayLogRole",
            "max_session_duration": 3600,
            "name": "GatewayLogRole",
            "name_prefix": null,
            "path": "/",
            "permissions_boundary": null,
            "tags": {},
            "unique_id": "AROAS6X3VWOXUCCYZPETL"
          },
          "private": "bnVsbA=="
        }
      ]
    },
    {
      "mode": "managed",
      "type": "aws_iam_role",
      "name": "ListFilesRole",
      "provider": "provider.aws",
      "instances": [
        {
          "schema_version": 0,
          "attributes": {
            "arn": "arn:aws:iam::203465012143:role/ListFilesRole",
            "assume_role_policy": "{\"Version\":\"2012-10-17\",\"Statement\":[{\"Sid\":\"\",\"Effect\":\"Allow\",\"Principal\":{\"Service\":[\"apigateway.amazonaws.com\",\"lambda.amazonaws.com\"]},\"Action\":\"sts:AssumeRole\"}]}",
            "create_date": "2020-07-04T23:55:27Z",
            "description": "",
            "force_detach_policies": false,
            "id": "ListFilesRole",
            "max_session_duration": 3600,
            "name": "ListFilesRole",
            "name_prefix": null,
            "path": "/",
            "permissions_boundary": null,
            "tags": {},
            "unique_id": "AROAS6X3VWOXQY64FROL5"
          },
          "private": "bnVsbA=="
        }
      ]
    },
    {
      "mode": "managed",
      "type": "aws_iam_role",
      "name": "invocation_role",
      "provider": "provider.aws",
      "instances": [
        {
          "schema_version": 0,
          "attributes": {
            "arn": "arn:aws:iam::203465012143:role/api_gateway_auth_invocation",
            "assume_role_policy": "{\"Version\":\"2012-10-17\",\"Statement\":[{\"Sid\":\"\",\"Effect\":\"Allow\",\"Principal\":{\"Service\":[\"apigateway.amazonaws.com\",\"lambda.amazonaws.com\"]},\"Action\":\"sts:AssumeRole\"}]}",
            "create_date": "2020-07-04T23:55:27Z",
            "description": "",
            "force_detach_policies": false,
            "id": "api_gateway_auth_invocation",
            "max_session_duration": 3600,
            "name": "api_gateway_auth_invocation",
            "name_prefix": null,
            "path": "/",
            "permissions_boundary": null,
            "tags": {},
            "unique_id": "AROAS6X3VWOXZCHQANEIR"
          },
          "private": "bnVsbA=="
        }
      ]
    },
    {
      "mode": "managed",
      "type": "aws_iam_role_policy",
      "name": "invocation_policy",
      "provider": "provider.aws",
      "instances": []
    },
    {
      "mode": "managed",
      "type": "aws_iam_role_policy_attachment",
      "name": "AuthorizationFunctionRolePolicyAttachment1",
      "provider": "provider.aws",
      "instances": []
    },
    {
      "mode": "managed",
      "type": "aws_iam_role_policy_attachment",
      "name": "apigateway_keys",
      "provider": "provider.aws",
      "instances": []
    },
    {
      "mode": "managed",
      "type": "aws_iam_role_policy_attachment",
      "name": "aws-managed-policy-attachment",
      "provider": "provider.aws",
      "instances": [
        {
          "schema_version": 0,
          "attributes": {
            "id": "GatewayLogRole-20200704235529600000000001",
            "policy_arn": "arn:aws:iam::aws:policy/service-role/AmazonAPIGatewayPushToCloudWatchLogs",
            "role": "GatewayLogRole"
          },
          "private": "bnVsbA==",
          "dependencies": [
            "aws_iam_role.GatewayLogRole"
          ]
        }
      ]
    },
    {
      "mode": "managed",
      "type": "aws_iam_role_policy_attachment",
      "name": "blahblah",
      "provider": "provider.aws",
      "instances": [
        {
          "schema_version": 0,
          "attributes": {
            "id": "ListFilesRole-20200704235543392000000002",
            "policy_arn": "arn:aws:iam::203465012143:policy/ListFilesRolePolicy",
            "role": "ListFilesRole"
          },
          "private": "bnVsbA==",
          "dependencies": [
            "aws_iam_policy.ListFilesRolePolicy",
            "aws_iam_role.ListFilesRole",
            "aws_s3_bucket.file_bucket"
          ]
        }
      ]
    },
    {
      "mode": "managed",
      "type": "aws_lambda_function",
      "name": "AuthorizationFunction",
      "provider": "provider.aws",
      "instances": []
    },
    {
      "mode": "managed",
      "type": "aws_lambda_function",
      "name": "ListFiles",
      "provider": "provider.aws",
      "instances": [
        {
          "schema_version": 0,
          "attributes": {
            "arn": "arn:aws:lambda:us-west-2:203465012143:function:ListFiles",
            "dead_letter_config": [],
            "description": "A lambda function that lists files in S3.",
            "environment": [
              {
                "variables": {
                  "Bucket": "lifegames-media-downloader-files"
                }
              }
            ],
            "file_system_config": [],
            "filename": "./../build/artifacts/dist.zip",
            "function_name": "ListFiles",
            "handler": "dist/main.listFiles",
            "id": "ListFiles",
            "invoke_arn": "arn:aws:apigateway:us-west-2:lambda:path/2015-03-31/functions/arn:aws:lambda:us-west-2:203465012143:function:ListFiles/invocations",
            "kms_key_arn": "",
            "last_modified": "2020-07-04T23:55:51.756+0000",
            "layers": [
              "arn:aws:lambda:us-west-2:203465012143:layer:node_modules_layer:15"
            ],
            "memory_size": 128,
            "publish": false,
            "qualified_arn": "arn:aws:lambda:us-west-2:203465012143:function:ListFiles:$LATEST",
            "reserved_concurrent_executions": -1,
            "role": "arn:aws:iam::203465012143:role/ListFilesRole",
            "runtime": "nodejs12.x",
            "s3_bucket": null,
            "s3_key": null,
            "s3_object_version": null,
            "source_code_hash": "m+JFAnsrJPJ2VJSXfKFt755c8U0NJ+ce35UOjV2HzBw=",
            "source_code_size": 20685,
            "tags": {},
            "timeout": 3,
            "timeouts": null,
            "tracing_config": [
              {
                "mode": "PassThrough"
              }
            ],
            "version": "$LATEST",
            "vpc_config": []
          },
          "private": "eyJlMmJmYjczMC1lY2FhLTExZTYtOGY4OC0zNDM2M2JjN2M0YzAiOnsiY3JlYXRlIjo2MDAwMDAwMDAwMDB9fQ==",
          "dependencies": [
            "aws_iam_policy.ListFilesRolePolicy",
            "aws_iam_role.ListFilesRole",
            "aws_iam_role_policy_attachment.blahblah",
            "aws_lambda_layer_version.lambda_layer",
            "aws_s3_bucket.file_bucket"
          ]
        }
      ]
    },
    {
      "mode": "managed",
      "type": "aws_lambda_layer_version",
      "name": "lambda_layer",
      "provider": "provider.aws",
      "instances": [
        {
          "schema_version": 0,
          "attributes": {
            "arn": "arn:aws:lambda:us-west-2:203465012143:layer:node_modules_layer:15",
            "compatible_runtimes": [
              "nodejs12.x"
            ],
            "created_date": "2020-07-04T23:55:40.692+0000",
            "description": "",
            "filename": "./../build/artifacts/layer-node-modules.zip",
            "id": "arn:aws:lambda:us-west-2:203465012143:layer:node_modules_layer:15",
            "layer_arn": "arn:aws:lambda:us-west-2:203465012143:layer:node_modules_layer",
            "layer_name": "node_modules_layer",
            "license_info": "",
            "s3_bucket": null,
            "s3_key": null,
            "s3_object_version": null,
            "source_code_hash": "+QxKjDm+jcH1K1PtjAIpX5go61tPdaNxep9HDaHsyaY=",
            "source_code_size": 8608596,
            "version": "15"
          },
          "private": "bnVsbA=="
        }
      ]
    },
    {
      "mode": "managed",
      "type": "aws_lambda_permission",
      "name": "ListFilesLambdaPermission",
      "provider": "provider.aws",
      "instances": [
        {
          "schema_version": 0,
          "attributes": {
            "action": "lambda:InvokeFunction",
            "event_source_token": null,
            "function_name": "ListFiles",
            "id": "AllowExecutionFromAPIGateway",
            "principal": "apigateway.amazonaws.com",
            "qualifier": "",
            "source_account": null,
            "source_arn": null,
            "statement_id": "AllowExecutionFromAPIGateway",
            "statement_id_prefix": null
          },
          "private": "bnVsbA==",
          "dependencies": [
            "aws_iam_policy.ListFilesRolePolicy",
            "aws_iam_role.ListFilesRole",
            "aws_iam_role_policy_attachment.blahblah",
            "aws_lambda_function.ListFiles",
            "aws_lambda_layer_version.lambda_layer",
            "aws_s3_bucket.file_bucket"
          ]
        }
      ]
    },
    {
      "mode": "managed",
      "type": "aws_lambda_permission",
      "name": "apigw_lambda",
      "provider": "provider.aws",
      "instances": []
    },
    {
      "mode": "managed",
      "type": "aws_s3_bucket",
      "name": "file_bucket",
      "provider": "provider.aws",
      "instances": [
        {
          "schema_version": 0,
          "attributes": {
            "acceleration_status": "",
            "acl": "public-read",
            "arn": "arn:aws:s3:::lifegames-media-downloader-files",
            "bucket": "lifegames-media-downloader-files",
            "bucket_domain_name": "lifegames-media-downloader-files.s3.amazonaws.com",
            "bucket_prefix": null,
            "bucket_regional_domain_name": "lifegames-media-downloader-files.s3.us-west-2.amazonaws.com",
            "cors_rule": [],
            "force_destroy": false,
            "grant": [],
            "hosted_zone_id": "Z3BJ6K6RIION7M",
            "id": "lifegames-media-downloader-files",
            "lifecycle_rule": [],
            "logging": [],
            "object_lock_configuration": [],
            "policy": null,
            "region": "us-west-2",
            "replication_configuration": [],
            "request_payer": "BucketOwner",
            "server_side_encryption_configuration": [],
            "tags": {},
            "versioning": [
              {
                "enabled": false,
                "mfa_delete": false
              }
            ],
            "website": [],
            "website_domain": null,
            "website_endpoint": null
          },
          "private": "bnVsbA=="
        }
      ]
    }
  ]
}
